{
  "requires": true,
  "lockfileVersion": 1,
  "dependencies": {
    "@cloudcare/browser-core": {
      "version": "3.1.14",
      "resolved": "https://registry.npmmirror.com/@cloudcare/browser-core/-/browser-core-3.1.14.tgz",
      "integrity": "sha512-L9XIsimidIQXCLlkrwVPvCYs7HuLc4KO9zh4a2HiKSBdRu22Xn0coJbnMQrbv32EYc5TGqMBkhTTHUXdemR0aQ=="
    },
    "@cloudcare/browser-rum": {
      "version": "3.1.14",
      "resolved": "https://registry.npmmirror.com/@cloudcare/browser-rum/-/browser-rum-3.1.14.tgz",
      "integrity": "sha512-wbfgfSVIve7YrS7QUA9+Nd7/+h4Dvyot3dDpar+XAqwljf+7fyu2Emve/9vkwawvgXH7eUyFr5brrO/Pn+u1mQ==",
      "requires": {
        "@cloudcare/browser-core": "3.1.14",
        "@cloudcare/browser-worker": "3.1.14"
      }
    },
    "@cloudcare/browser-worker": {
      "version": "3.1.14",
      "resolved": "https://registry.npmmirror.com/@cloudcare/browser-worker/-/browser-worker-3.1.14.tgz",
      "integrity": "sha512-EaQj4TT7bBeEvSCQA8eKLalTo1G7WIfkjTLZR1AWHe7EZdFPbSeuEoiXUeVotg9ztRqg7O8XFKndyOComC4+Hw==",
      "requires": {
        "@cloudcare/browser-core": "3.1.14"
      }
    }
  }
}
